
Microsoft Visual Studio Solution File, Format Version 12.00
# Visual Studio Version 17
VisualStudioVersion = 17.1.32407.343
MinimumVisualStudioVersion = 10.0.40219.1
Project("{9A19103F-16F7-4668-BE54-9A1E7A4F7556}") = "Programa4", "Programa4.csproj", "{5CD481B1-5C4A-42B3-A98F-659894930488}"
EndProject
Project("{9A19103F-16F7-4668-BE54-9A1E7A4F7556}") = "pruebaas", "..\pruebaas\pruebaas.csproj", "{C3BA818D-F8C3-4F8B-91B7-81CF93F02D47}"
EndProject
Global
	GlobalSection(SolutionConfigurationPlatforms) = preSolution
		Debug|Any CPU = Debug|Any CPU
		Release|Any CPU = Release|Any CPU
	EndGlobalSection
	GlobalSection(ProjectConfigurationPlatforms) = postSolution
		{5CD481B1-5C4A-42B3-A98F-659894930488}.Debug|Any CPU.ActiveCfg = Debug|Any CPU
		{5CD481B1-5C4A-42B3-A98F-659894930488}.Debug|Any CPU.Build.0 = Debug|Any CPU
		{5CD481B1-5C4A-42B3-A98F-659894930488}.Release|Any CPU.ActiveCfg = Release|Any CPU
		{5CD481B1-5C4A-42B3-A98F-659894930488}.Release|Any CPU.Build.0 = Release|Any CPU
		{C3BA818D-F8C3-4F8B-91B7-81CF93F02D47}.Debug|Any CPU.ActiveCfg = Debug|Any CPU
		{C3BA818D-F8C3-4F8B-91B7-81CF93F02D47}.Debug|Any CPU.Build.0 = Debug|Any CPU
		{C3BA818D-F8C3-4F8B-91B7-81CF93F02D47}.Release|Any CPU.ActiveCfg = Release|Any CPU
		{C3BA818D-F8C3-4F8B-91B7-81CF93F02D47}.Release|Any CPU.Build.0 = Release|Any CPU
	EndGlobalSection
	GlobalSection(SolutionProperties) = preSolution
		HideSolutionNode = FALSE
	EndGlobalSection
	GlobalSection(ExtensibilityGlobals) = postSolution
		SolutionGuid = {8E847170-814D-4238-867B-A048AF7FFB38}
	EndGlobalSection
EndGlobal
