
Microsoft Visual Studio Solution File, Format Version 12.00
# Visual Studio Version 17
VisualStudioVersion = 17.0.32126.317
MinimumVisualStudioVersion = 10.0.40219.1
Project("{9A19103F-16F7-4668-BE54-9A1E7A4F7556}") = "Programa3", "Programa3.csproj", "{93DBC5D5-BFE0-4E59-A7CE-09AEE124731F}"
EndProject
Project("{FAE04EC0-301F-11D3-BF4B-00C04F79EFBC}") = "Graph", "..\Graph\Graph.csproj", "{18FFFCD1-2FF8-426D-8111-C4F4B906A328}"
EndProject
Global
	GlobalSection(SolutionConfigurationPlatforms) = preSolution
		Debug|Any CPU = Debug|Any CPU
		Release|Any CPU = Release|Any CPU
	EndGlobalSection
	GlobalSection(ProjectConfigurationPlatforms) = postSolution
		{93DBC5D5-BFE0-4E59-A7CE-09AEE124731F}.Debug|Any CPU.ActiveCfg = Debug|Any CPU
		{93DBC5D5-BFE0-4E59-A7CE-09AEE124731F}.Debug|Any CPU.Build.0 = Debug|Any CPU
		{93DBC5D5-BFE0-4E59-A7CE-09AEE124731F}.Release|Any CPU.ActiveCfg = Release|Any CPU
		{93DBC5D5-BFE0-4E59-A7CE-09AEE124731F}.Release|Any CPU.Build.0 = Release|Any CPU
		{18FFFCD1-2FF8-426D-8111-C4F4B906A328}.Debug|Any CPU.ActiveCfg = Debug|Any CPU
		{18FFFCD1-2FF8-426D-8111-C4F4B906A328}.Debug|Any CPU.Build.0 = Debug|Any CPU
		{18FFFCD1-2FF8-426D-8111-C4F4B906A328}.Release|Any CPU.ActiveCfg = Release|Any CPU
		{18FFFCD1-2FF8-426D-8111-C4F4B906A328}.Release|Any CPU.Build.0 = Release|Any CPU
	EndGlobalSection
	GlobalSection(SolutionProperties) = preSolution
		HideSolutionNode = FALSE
	EndGlobalSection
	GlobalSection(ExtensibilityGlobals) = postSolution
		SolutionGuid = {B9A7C65E-77D1-4805-BFD6-627FE1DA4661}
	EndGlobalSection
EndGlobal
